
Microsoft Visual Studio Solution File, Format Version 12.00
# Visual Studio 2012
Project("{FAE04EC0-301F-11D3-BF4B-00C04F79EFBC}") = "WebHost", "WebHost\WebHost.csproj", "{140C1E0F-D01F-415E-BD28-3F2B7CE2C7B1}"
EndProject
Project("{2150E333-8FDC-42A3-9474-1A3956D46DE8}") = ".nuget", ".nuget", "{AC182D2C-E414-4E6A-BCDE-3D72C3A2550F}"
	ProjectSection(SolutionItems) = preProject
		.nuget\NuGet.Config = .nuget\NuGet.Config
		.nuget\NuGet.exe = .nuget\NuGet.exe
		.nuget\NuGet.targets = .nuget\NuGet.targets
	EndProjectSection
EndProject
Project("{FAE04EC0-301F-11D3-BF4B-00C04F79EFBC}") = "Thinktecture.AuthorizationServer.OAuth2", "Libraries\Thinktecture.AuthorizationServer.OAuth2\Thinktecture.AuthorizationServer.OAuth2.csproj", "{D776C229-B699-40DD-A023-5BF1F54E27D3}"
EndProject
Project("{FAE04EC0-301F-11D3-BF4B-00C04F79EFBC}") = "Thinktecture.AuthorizationServer.Core", "Libraries\Thinktecture.AuthorizationServer.Core\Thinktecture.AuthorizationServer.Core.csproj", "{E8643146-28AE-437B-9BAD-E4593509B4DC}"
EndProject
Project("{2150E333-8FDC-42A3-9474-1A3956D46DE8}") = "Tests", "Tests", "{7FC0E4A5-696A-495D-9456-180794A71E28}"
EndProject
Project("{FAE04EC0-301F-11D3-BF4B-00C04F79EFBC}") = "UrlTestClient", "Tests\UrlTestClient\UrlTestClient\UrlTestClient.csproj", "{22E5D61F-DFF0-4B36-A737-C09DCCC332F1}"
EndProject
Project("{FAE04EC0-301F-11D3-BF4B-00C04F79EFBC}") = "ResourceOwnerTestClient", "Tests\ResourceOwnerTestClient\ResourceOwnerTestClient.csproj", "{4F7D0C1A-9DC4-4698-949F-3C48F01D5C79}"
EndProject
Project("{FAE04EC0-301F-11D3-BF4B-00C04F79EFBC}") = "Tests", "Tests\Tests\Tests.csproj", "{E317F79E-23B3-4D52-B869-2DC80215934E}"
EndProject
Project("{FAE04EC0-301F-11D3-BF4B-00C04F79EFBC}") = "ConsoleEFConfiguration", "ConsoleEFConfiguration\ConsoleEFConfiguration.csproj", "{9838E557-CDCE-4183-AA3D-F14FFB303A24}"
EndProject
Global
	GlobalSection(SolutionConfigurationPlatforms) = preSolution
		Debug|Any CPU = Debug|Any CPU
		Release|Any CPU = Release|Any CPU
	EndGlobalSection
	GlobalSection(ProjectConfigurationPlatforms) = postSolution
		{140C1E0F-D01F-415E-BD28-3F2B7CE2C7B1}.Debug|Any CPU.ActiveCfg = Debug|Any CPU
		{140C1E0F-D01F-415E-BD28-3F2B7CE2C7B1}.Debug|Any CPU.Build.0 = Debug|Any CPU
		{140C1E0F-D01F-415E-BD28-3F2B7CE2C7B1}.Release|Any CPU.ActiveCfg = Release|Any CPU
		{140C1E0F-D01F-415E-BD28-3F2B7CE2C7B1}.Release|Any CPU.Build.0 = Release|Any CPU
		{D776C229-B699-40DD-A023-5BF1F54E27D3}.Debug|Any CPU.ActiveCfg = Debug|Any CPU
		{D776C229-B699-40DD-A023-5BF1F54E27D3}.Debug|Any CPU.Build.0 = Debug|Any CPU
		{D776C229-B699-40DD-A023-5BF1F54E27D3}.Release|Any CPU.ActiveCfg = Release|Any CPU
		{D776C229-B699-40DD-A023-5BF1F54E27D3}.Release|Any CPU.Build.0 = Release|Any CPU
		{E8643146-28AE-437B-9BAD-E4593509B4DC}.Debug|Any CPU.ActiveCfg = Debug|Any CPU
		{E8643146-28AE-437B-9BAD-E4593509B4DC}.Debug|Any CPU.Build.0 = Debug|Any CPU
		{E8643146-28AE-437B-9BAD-E4593509B4DC}.Release|Any CPU.ActiveCfg = Release|Any CPU
		{E8643146-28AE-437B-9BAD-E4593509B4DC}.Release|Any CPU.Build.0 = Release|Any CPU
		{22E5D61F-DFF0-4B36-A737-C09DCCC332F1}.Debug|Any CPU.ActiveCfg = Debug|Any CPU
		{22E5D61F-DFF0-4B36-A737-C09DCCC332F1}.Debug|Any CPU.Build.0 = Debug|Any CPU
		{22E5D61F-DFF0-4B36-A737-C09DCCC332F1}.Release|Any CPU.ActiveCfg = Release|Any CPU
		{22E5D61F-DFF0-4B36-A737-C09DCCC332F1}.Release|Any CPU.Build.0 = Release|Any CPU
		{4F7D0C1A-9DC4-4698-949F-3C48F01D5C79}.Debug|Any CPU.ActiveCfg = Debug|Any CPU
		{4F7D0C1A-9DC4-4698-949F-3C48F01D5C79}.Debug|Any CPU.Build.0 = Debug|Any CPU
		{4F7D0C1A-9DC4-4698-949F-3C48F01D5C79}.Release|Any CPU.ActiveCfg = Release|Any CPU
		{4F7D0C1A-9DC4-4698-949F-3C48F01D5C79}.Release|Any CPU.Build.0 = Release|Any CPU
		{E317F79E-23B3-4D52-B869-2DC80215934E}.Debug|Any CPU.ActiveCfg = Debug|Any CPU
		{E317F79E-23B3-4D52-B869-2DC80215934E}.Debug|Any CPU.Build.0 = Debug|Any CPU
		{E317F79E-23B3-4D52-B869-2DC80215934E}.Release|Any CPU.ActiveCfg = Release|Any CPU
		{E317F79E-23B3-4D52-B869-2DC80215934E}.Release|Any CPU.Build.0 = Release|Any CPU
		{9838E557-CDCE-4183-AA3D-F14FFB303A24}.Debug|Any CPU.ActiveCfg = Debug|Any CPU
		{9838E557-CDCE-4183-AA3D-F14FFB303A24}.Debug|Any CPU.Build.0 = Debug|Any CPU
		{9838E557-CDCE-4183-AA3D-F14FFB303A24}.Release|Any CPU.ActiveCfg = Release|Any CPU
		{9838E557-CDCE-4183-AA3D-F14FFB303A24}.Release|Any CPU.Build.0 = Release|Any CPU
	EndGlobalSection
	GlobalSection(SolutionProperties) = preSolution
		HideSolutionNode = FALSE
	EndGlobalSection
	GlobalSection(NestedProjects) = preSolution
		{22E5D61F-DFF0-4B36-A737-C09DCCC332F1} = {7FC0E4A5-696A-495D-9456-180794A71E28}
		{4F7D0C1A-9DC4-4698-949F-3C48F01D5C79} = {7FC0E4A5-696A-495D-9456-180794A71E28}
		{E317F79E-23B3-4D52-B869-2DC80215934E} = {7FC0E4A5-696A-495D-9456-180794A71E28}
	EndGlobalSection
EndGlobal
